# This file is automatically @generated by Cargo.
# It is not intended for manual editing.
version = 3

[[package]]
name = "ttlhashmap"
version = "0.1.0"
source = "registry+https://github.com/rust-lang/crates.io-index"
checksum = "50ddd0e3ea228684ba88409bd2987421f96130063f68ae29c0ac322219be83f2"

[[package]]
name = "ttlhashmaptest"
version = "0.1.0"
dependencies = [
 "ttlhashmap",
]
